
Microsoft Visual Studio Solution File, Format Version 12.00
# Visual Studio Version 17
VisualStudioVersion = 17.1.32328.378
MinimumVisualStudioVersion = 10.0.40219.1
Project("{FAE04EC0-301F-11D3-BF4B-00C04F79EFBC}") = "ATM", "ATM\ATM.csproj", "{873B7657-11BA-4B1B-8BBC-29EAFB25D6CA}"
EndProject
Global
	GlobalSection(SolutionConfigurationPlatforms) = preSolution
		Debug|Any CPU = Debug|Any CPU
		Release|Any CPU = Release|Any CPU
	EndGlobalSection
	GlobalSection(ProjectConfigurationPlatforms) = postSolution
		{873B7657-11BA-4B1B-8BBC-29EAFB25D6CA}.Debug|Any CPU.ActiveCfg = Debug|Any CPU
		{873B7657-11BA-4B1B-8BBC-29EAFB25D6CA}.Debug|Any CPU.Build.0 = Debug|Any CPU
		{873B7657-11BA-4B1B-8BBC-29EAFB25D6CA}.Release|Any CPU.ActiveCfg = Release|Any CPU
		{873B7657-11BA-4B1B-8BBC-29EAFB25D6CA}.Release|Any CPU.Build.0 = Release|Any CPU
	EndGlobalSection
	GlobalSection(SolutionProperties) = preSolution
		HideSolutionNode = FALSE
	EndGlobalSection
	GlobalSection(ExtensibilityGlobals) = postSolution
		SolutionGuid = {4F2D0461-9B3B-4101-9581-9A7D52FA017E}
	EndGlobalSection
EndGlobal
